
Microsoft Visual Studio Solution File, Format Version 12.00
# Visual Studio Version 17
VisualStudioVersion = 17.7.34024.191
MinimumVisualStudioVersion = 10.0.40219.1
Project("{8BC9CEB8-8B4A-11D0-8D11-00A0C91BC942}") = "RY_Game", "RY_Game\RY_Game.vcxproj", "{5ADF1C4E-29DF-45F5-8DA2-B95133DD4FFF}"
EndProject
Project("{8BC9CEB8-8B4A-11D0-8D11-00A0C91BC942}") = "Mystic", "Mystic\Mystic.vcxproj", "{77EFC2AB-0EC9-4FC0-B92A-CC127B3E3C89}"
EndProject
Project("{8BC9CEB8-8B4A-11D0-8D11-00A0C91BC942}") = "glfw", "glfw_proj\src\glfw.vcxproj", "{B18B7A93-67E9-319F-81A9-1BF9C85CE9C9}"
EndProject
Project("{8BC9CEB8-8B4A-11D0-8D11-00A0C91BC942}") = "glad", "glad\glad.vcxproj", "{91B8D36E-CF29-48E2-A38A-43A3F4C89E8D}"
EndProject
Project("{8BC9CEB8-8B4A-11D0-8D11-00A0C91BC942}") = "stbi", "stbi\stbi.vcxproj", "{A683F81B-DF32-43D7-BD0A-0D1C0399C90E}"
EndProject
Global
	GlobalSection(SolutionConfigurationPlatforms) = preSolution
		Debug|x64 = Debug|x64
		Debug|x86 = Debug|x86
		MinSizeRel|x64 = MinSizeRel|x64
		MinSizeRel|x86 = MinSizeRel|x86
		Release|x64 = Release|x64
		Release|x86 = Release|x86
		RelWithDebInfo|x64 = RelWithDebInfo|x64
		RelWithDebInfo|x86 = RelWithDebInfo|x86
	EndGlobalSection
	GlobalSection(ProjectConfigurationPlatforms) = postSolution
		{5ADF1C4E-29DF-45F5-8DA2-B95133DD4FFF}.Debug|x64.ActiveCfg = Debug|x64
		{5ADF1C4E-29DF-45F5-8DA2-B95133DD4FFF}.Debug|x64.Build.0 = Debug|x64
		{5ADF1C4E-29DF-45F5-8DA2-B95133DD4FFF}.Debug|x86.ActiveCfg = Debug|Win32
		{5ADF1C4E-29DF-45F5-8DA2-B95133DD4FFF}.Debug|x86.Build.0 = Debug|Win32
		{5ADF1C4E-29DF-45F5-8DA2-B95133DD4FFF}.MinSizeRel|x64.ActiveCfg = Release|x64
		{5ADF1C4E-29DF-45F5-8DA2-B95133DD4FFF}.MinSizeRel|x64.Build.0 = Release|x64
		{5ADF1C4E-29DF-45F5-8DA2-B95133DD4FFF}.MinSizeRel|x86.ActiveCfg = Release|Win32
		{5ADF1C4E-29DF-45F5-8DA2-B95133DD4FFF}.MinSizeRel|x86.Build.0 = Release|Win32
		{5ADF1C4E-29DF-45F5-8DA2-B95133DD4FFF}.Release|x64.ActiveCfg = Release|x64
		{5ADF1C4E-29DF-45F5-8DA2-B95133DD4FFF}.Release|x64.Build.0 = Release|x64
		{5ADF1C4E-29DF-45F5-8DA2-B95133DD4FFF}.Release|x86.ActiveCfg = Release|Win32
		{5ADF1C4E-29DF-45F5-8DA2-B95133DD4FFF}.Release|x86.Build.0 = Release|Win32
		{5ADF1C4E-29DF-45F5-8DA2-B95133DD4FFF}.RelWithDebInfo|x64.ActiveCfg = Release|x64
		{5ADF1C4E-29DF-45F5-8DA2-B95133DD4FFF}.RelWithDebInfo|x64.Build.0 = Release|x64
		{5ADF1C4E-29DF-45F5-8DA2-B95133DD4FFF}.RelWithDebInfo|x86.ActiveCfg = Release|Win32
		{5ADF1C4E-29DF-45F5-8DA2-B95133DD4FFF}.RelWithDebInfo|x86.Build.0 = Release|Win32
		{77EFC2AB-0EC9-4FC0-B92A-CC127B3E3C89}.Debug|x64.ActiveCfg = Debug|x64
		{77EFC2AB-0EC9-4FC0-B92A-CC127B3E3C89}.Debug|x64.Build.0 = Debug|x64
		{77EFC2AB-0EC9-4FC0-B92A-CC127B3E3C89}.Debug|x86.ActiveCfg = Debug|Win32
		{77EFC2AB-0EC9-4FC0-B92A-CC127B3E3C89}.Debug|x86.Build.0 = Debug|Win32
		{77EFC2AB-0EC9-4FC0-B92A-CC127B3E3C89}.MinSizeRel|x64.ActiveCfg = Release|x64
		{77EFC2AB-0EC9-4FC0-B92A-CC127B3E3C89}.MinSizeRel|x64.Build.0 = Release|x64
		{77EFC2AB-0EC9-4FC0-B92A-CC127B3E3C89}.MinSizeRel|x86.ActiveCfg = Release|Win32
		{77EFC2AB-0EC9-4FC0-B92A-CC127B3E3C89}.MinSizeRel|x86.Build.0 = Release|Win32
		{77EFC2AB-0EC9-4FC0-B92A-CC127B3E3C89}.Release|x64.ActiveCfg = Release|x64
		{77EFC2AB-0EC9-4FC0-B92A-CC127B3E3C89}.Release|x64.Build.0 = Release|x64
		{77EFC2AB-0EC9-4FC0-B92A-CC127B3E3C89}.Release|x86.ActiveCfg = Release|Win32
		{77EFC2AB-0EC9-4FC0-B92A-CC127B3E3C89}.Release|x86.Build.0 = Release|Win32
		{77EFC2AB-0EC9-4FC0-B92A-CC127B3E3C89}.RelWithDebInfo|x64.ActiveCfg = Release|x64
		{77EFC2AB-0EC9-4FC0-B92A-CC127B3E3C89}.RelWithDebInfo|x64.Build.0 = Release|x64
		{77EFC2AB-0EC9-4FC0-B92A-CC127B3E3C89}.RelWithDebInfo|x86.ActiveCfg = Release|Win32
		{77EFC2AB-0EC9-4FC0-B92A-CC127B3E3C89}.RelWithDebInfo|x86.Build.0 = Release|Win32
		{B18B7A93-67E9-319F-81A9-1BF9C85CE9C9}.Debug|x64.ActiveCfg = Debug|x64
		{B18B7A93-67E9-319F-81A9-1BF9C85CE9C9}.Debug|x64.Build.0 = Debug|x64
		{B18B7A93-67E9-319F-81A9-1BF9C85CE9C9}.Debug|x86.ActiveCfg = Debug|x64
		{B18B7A93-67E9-319F-81A9-1BF9C85CE9C9}.Debug|x86.Build.0 = Debug|x64
		{B18B7A93-67E9-319F-81A9-1BF9C85CE9C9}.MinSizeRel|x64.ActiveCfg = MinSizeRel|x64
		{B18B7A93-67E9-319F-81A9-1BF9C85CE9C9}.MinSizeRel|x64.Build.0 = MinSizeRel|x64
		{B18B7A93-67E9-319F-81A9-1BF9C85CE9C9}.MinSizeRel|x86.ActiveCfg = MinSizeRel|x64
		{B18B7A93-67E9-319F-81A9-1BF9C85CE9C9}.MinSizeRel|x86.Build.0 = MinSizeRel|x64
		{B18B7A93-67E9-319F-81A9-1BF9C85CE9C9}.Release|x64.ActiveCfg = Release|x64
		{B18B7A93-67E9-319F-81A9-1BF9C85CE9C9}.Release|x64.Build.0 = Release|x64
		{B18B7A93-67E9-319F-81A9-1BF9C85CE9C9}.Release|x86.ActiveCfg = Release|x64
		{B18B7A93-67E9-319F-81A9-1BF9C85CE9C9}.Release|x86.Build.0 = Release|x64
		{B18B7A93-67E9-319F-81A9-1BF9C85CE9C9}.RelWithDebInfo|x64.ActiveCfg = RelWithDebInfo|x64
		{B18B7A93-67E9-319F-81A9-1BF9C85CE9C9}.RelWithDebInfo|x64.Build.0 = RelWithDebInfo|x64
		{B18B7A93-67E9-319F-81A9-1BF9C85CE9C9}.RelWithDebInfo|x86.ActiveCfg = RelWithDebInfo|x64
		{B18B7A93-67E9-319F-81A9-1BF9C85CE9C9}.RelWithDebInfo|x86.Build.0 = RelWithDebInfo|x64
		{91B8D36E-CF29-48E2-A38A-43A3F4C89E8D}.Debug|x64.ActiveCfg = Debug|x64
		{91B8D36E-CF29-48E2-A38A-43A3F4C89E8D}.Debug|x64.Build.0 = Debug|x64
		{91B8D36E-CF29-48E2-A38A-43A3F4C89E8D}.Debug|x86.ActiveCfg = Debug|Win32
		{91B8D36E-CF29-48E2-A38A-43A3F4C89E8D}.Debug|x86.Build.0 = Debug|Win32
		{91B8D36E-CF29-48E2-A38A-43A3F4C89E8D}.MinSizeRel|x64.ActiveCfg = Debug|x64
		{91B8D36E-CF29-48E2-A38A-43A3F4C89E8D}.MinSizeRel|x64.Build.0 = Debug|x64
		{91B8D36E-CF29-48E2-A38A-43A3F4C89E8D}.MinSizeRel|x86.ActiveCfg = Debug|Win32
		{91B8D36E-CF29-48E2-A38A-43A3F4C89E8D}.MinSizeRel|x86.Build.0 = Debug|Win32
		{91B8D36E-CF29-48E2-A38A-43A3F4C89E8D}.Release|x64.ActiveCfg = Release|x64
		{91B8D36E-CF29-48E2-A38A-43A3F4C89E8D}.Release|x64.Build.0 = Release|x64
		{91B8D36E-CF29-48E2-A38A-43A3F4C89E8D}.Release|x86.ActiveCfg = Release|Win32
		{91B8D36E-CF29-48E2-A38A-43A3F4C89E8D}.Release|x86.Build.0 = Release|Win32
		{91B8D36E-CF29-48E2-A38A-43A3F4C89E8D}.RelWithDebInfo|x64.ActiveCfg = Release|x64
		{91B8D36E-CF29-48E2-A38A-43A3F4C89E8D}.RelWithDebInfo|x64.Build.0 = Release|x64
		{91B8D36E-CF29-48E2-A38A-43A3F4C89E8D}.RelWithDebInfo|x86.ActiveCfg = Release|Win32
		{91B8D36E-CF29-48E2-A38A-43A3F4C89E8D}.RelWithDebInfo|x86.Build.0 = Release|Win32
		{A683F81B-DF32-43D7-BD0A-0D1C0399C90E}.Debug|x64.ActiveCfg = Debug|x64
		{A683F81B-DF32-43D7-BD0A-0D1C0399C90E}.Debug|x64.Build.0 = Debug|x64
		{A683F81B-DF32-43D7-BD0A-0D1C0399C90E}.Debug|x86.ActiveCfg = Debug|Win32
		{A683F81B-DF32-43D7-BD0A-0D1C0399C90E}.Debug|x86.Build.0 = Debug|Win32
		{A683F81B-DF32-43D7-BD0A-0D1C0399C90E}.MinSizeRel|x64.ActiveCfg = Debug|x64
		{A683F81B-DF32-43D7-BD0A-0D1C0399C90E}.MinSizeRel|x64.Build.0 = Debug|x64
		{A683F81B-DF32-43D7-BD0A-0D1C0399C90E}.MinSizeRel|x86.ActiveCfg = Debug|Win32
		{A683F81B-DF32-43D7-BD0A-0D1C0399C90E}.MinSizeRel|x86.Build.0 = Debug|Win32
		{A683F81B-DF32-43D7-BD0A-0D1C0399C90E}.Release|x64.ActiveCfg = Release|x64
		{A683F81B-DF32-43D7-BD0A-0D1C0399C90E}.Release|x64.Build.0 = Release|x64
		{A683F81B-DF32-43D7-BD0A-0D1C0399C90E}.Release|x86.ActiveCfg = Release|Win32
		{A683F81B-DF32-43D7-BD0A-0D1C0399C90E}.Release|x86.Build.0 = Release|Win32
		{A683F81B-DF32-43D7-BD0A-0D1C0399C90E}.RelWithDebInfo|x64.ActiveCfg = Release|x64
		{A683F81B-DF32-43D7-BD0A-0D1C0399C90E}.RelWithDebInfo|x64.Build.0 = Release|x64
		{A683F81B-DF32-43D7-BD0A-0D1C0399C90E}.RelWithDebInfo|x86.ActiveCfg = Release|Win32
		{A683F81B-DF32-43D7-BD0A-0D1C0399C90E}.RelWithDebInfo|x86.Build.0 = Release|Win32
	EndGlobalSection
	GlobalSection(SolutionProperties) = preSolution
		HideSolutionNode = FALSE
	EndGlobalSection
	GlobalSection(ExtensibilityGlobals) = postSolution
		SolutionGuid = {5F279931-9158-4FDF-B61C-F95679E61F1F}
	EndGlobalSection
EndGlobal
